
Microsoft Visual Studio Solution File, Format Version 12.00
# Visual Studio Version 16
VisualStudioVersion = 16.0.31424.327
MinimumVisualStudioVersion = 10.0.40219.1
Project("{FAE04EC0-301F-11D3-BF4B-00C04F79EFBC}") = "FirstConsoleApp_050", "FirstConsoleApp_050\FirstConsoleApp_050.csproj", "{62B4D5E8-0781-4078-9D28-B498CB4DC1D1}"
EndProject
Global
	GlobalSection(SolutionConfigurationPlatforms) = preSolution
		Debug|Any CPU = Debug|Any CPU
		Release|Any CPU = Release|Any CPU
	EndGlobalSection
	GlobalSection(ProjectConfigurationPlatforms) = postSolution
		{62B4D5E8-0781-4078-9D28-B498CB4DC1D1}.Debug|Any CPU.ActiveCfg = Debug|Any CPU
		{62B4D5E8-0781-4078-9D28-B498CB4DC1D1}.Debug|Any CPU.Build.0 = Debug|Any CPU
		{62B4D5E8-0781-4078-9D28-B498CB4DC1D1}.Release|Any CPU.ActiveCfg = Release|Any CPU
		{62B4D5E8-0781-4078-9D28-B498CB4DC1D1}.Release|Any CPU.Build.0 = Release|Any CPU
	EndGlobalSection
	GlobalSection(SolutionProperties) = preSolution
		HideSolutionNode = FALSE
	EndGlobalSection
	GlobalSection(ExtensibilityGlobals) = postSolution
		SolutionGuid = {688BF11C-A5F3-4DD7-B90A-56F6AC1454DF}
	EndGlobalSection
EndGlobal
